
Microsoft Visual Studio Solution File, Format Version 12.00
# Visual Studio Version 17
VisualStudioVersion = 17.5.33627.172
MinimumVisualStudioVersion = 10.0.40219.1
Project("{FAE04EC0-301F-11D3-BF4B-00C04F79EFBC}") = "Snake With ECS", "Snake With ECS.csproj", "{52CC8A4D-7354-45C3-B30E-6B66B36D2588}"
EndProject
Global
	GlobalSection(SolutionConfigurationPlatforms) = preSolution
		Debug|Any CPU = Debug|Any CPU
		Release|Any CPU = Release|Any CPU
	EndGlobalSection
	GlobalSection(ProjectConfigurationPlatforms) = postSolution
		{52CC8A4D-7354-45C3-B30E-6B66B36D2588}.Debug|Any CPU.ActiveCfg = Debug|Any CPU
		{52CC8A4D-7354-45C3-B30E-6B66B36D2588}.Debug|Any CPU.Build.0 = Debug|Any CPU
		{52CC8A4D-7354-45C3-B30E-6B66B36D2588}.Release|Any CPU.ActiveCfg = Release|Any CPU
		{52CC8A4D-7354-45C3-B30E-6B66B36D2588}.Release|Any CPU.Build.0 = Release|Any CPU
	EndGlobalSection
	GlobalSection(SolutionProperties) = preSolution
		HideSolutionNode = FALSE
	EndGlobalSection
	GlobalSection(ExtensibilityGlobals) = postSolution
		SolutionGuid = {F552FC69-CDA6-48F5-BB64-8AC718FD7BFE}
	EndGlobalSection
EndGlobal
